// !$*UTF8*$!
{
	archiveVersion = 1;
	classes = {
	};
	objectVersion = 56;
	objects = {

/* Begin PBXBuildFile section */
		FAB2866329EA8F0B000FD933 /* AppDelegate.swift in Sources */ = {isa = PBXBuildFile; fileRef = FAB2866229EA8F0B000FD933 /* AppDelegate.swift */; };
		FAB2866529EA8F0B000FD933 /* SceneDelegate.swift in Sources */ = {isa = PBXBuildFile; fileRef = FAB2866429EA8F0B000FD933 /* SceneDelegate.swift */; };
		FAB2866C29EA8F0D000FD933 /* Assets.xcassets in Resources */ = {isa = PBXBuildFile; fileRef = FAB2866B29EA8F0D000FD933 /* Assets.xcassets */; };
		FAB2866F29EA8F0D000FD933 /* LaunchScreen.storyboard in Resources */ = {isa = PBXBuildFile; fileRef = FAB2866D29EA8F0D000FD933 /* LaunchScreen.storyboard */; };
		FAB2867E29EA9969000FD933 /* MainViewController.swift in Sources */ = {isa = PBXBuildFile; fileRef = FAB2867D29EA9969000FD933 /* MainViewController.swift */; };
		FAB2868029EA998D000FD933 /* MainTabController.swift in Sources */ = {isa = PBXBuildFile; fileRef = FAB2867F29EA998D000FD933 /* MainTabController.swift */; };
		FAB2868229EA9A5D000FD933 /* AnniversaryViewController.swift in Sources */ = {isa = PBXBuildFile; fileRef = FAB2868129EA9A5D000FD933 /* AnniversaryViewController.swift */; };
		FAB2868429EA9A6D000FD933 /* SettingViewController.swift in Sources */ = {isa = PBXBuildFile; fileRef = FAB2868329EA9A6D000FD933 /* SettingViewController.swift */; };
		FAB2868729EA9F5A000FD933 /* UIImage+Extension.swift in Sources */ = {isa = PBXBuildFile; fileRef = FAB2868629EA9F5A000FD933 /* UIImage+Extension.swift */; };
		FAEDB1A729EAB3FE00805959 /* MainView.swift in Sources */ = {isa = PBXBuildFile; fileRef = FAEDB1A629EAB3FE00805959 /* MainView.swift */; };
		FAEDB1AA29EAB50D00805959 /* SnapKit in Frameworks */ = {isa = PBXBuildFile; productRef = FAEDB1A929EAB50D00805959 /* SnapKit */; };
		FAEDB1AC29EAD3C400805959 /* Constant.swift in Sources */ = {isa = PBXBuildFile; fileRef = FAEDB1AB29EAD3C400805959 /* Constant.swift */; };
		FAEDB1AF29EADB3200805959 /* SDWebImage in Frameworks */ = {isa = PBXBuildFile; productRef = FAEDB1AE29EADB3200805959 /* SDWebImage */; };
		FAEDB1B129EADB3200805959 /* SDWebImageMapKit in Frameworks */ = {isa = PBXBuildFile; productRef = FAEDB1B029EADB3200805959 /* SDWebImageMapKit */; };
		FAEDB1B829EADC2C00805959 /* PickTheDayOfOurFirstMeetViewController.swift in Sources */ = {isa = PBXBuildFile; fileRef = FAEDB1B729EADC2C00805959 /* PickTheDayOfOurFirstMeetViewController.swift */; };
		FAEDB1BA29EADC3900805959 /* PickBirthDayViewController.swift in Sources */ = {isa = PBXBuildFile; fileRef = FAEDB1B929EADC3900805959 /* PickBirthDayViewController.swift */; };
		FAEDB1BC29EADD8500805959 /* IncludeCalenderView.swift in Sources */ = {isa = PBXBuildFile; fileRef = FAEDB1BB29EADD8400805959 /* IncludeCalenderView.swift */; };
		FAEDB1BF29EADF8100805959 /* FSCalendar in Frameworks */ = {isa = PBXBuildFile; productRef = FAEDB1BE29EADF8100805959 /* FSCalendar */; };
		FAEDB1C729EB10A900805959 /* UserDefaultsManager.swift in Sources */ = {isa = PBXBuildFile; fileRef = FAEDB1C629EB10A900805959 /* UserDefaultsManager.swift */; };
		FAEDB1CA29EB971A00805959 /* DelegateProtocol.swift in Sources */ = {isa = PBXBuildFile; fileRef = FAEDB1C929EB971A00805959 /* DelegateProtocol.swift */; };
		FAEDB1CC29EB9D5500805959 /* MainViewModel.swift in Sources */ = {isa = PBXBuildFile; fileRef = FAEDB1CB29EB9D5500805959 /* MainViewModel.swift */; };
		FAEDB1CE29EBA94A00805959 /* SettingView.swift in Sources */ = {isa = PBXBuildFile; fileRef = FAEDB1CD29EBA94A00805959 /* SettingView.swift */; };
		FAEDB1D029EBC3D000805959 /* LoveModel.swift in Sources */ = {isa = PBXBuildFile; fileRef = FAEDB1CF29EBC3CF00805959 /* LoveModel.swift */; };
/* End PBXBuildFile section */

/* Begin PBXFileReference section */
		FAB2865F29EA8F0B000FD933 /* OurToday.app */ = {isa = PBXFileReference; explicitFileType = wrapper.application; includeInIndex = 0; path = OurToday.app; sourceTree = BUILT_PRODUCTS_DIR; };
		FAB2866229EA8F0B000FD933 /* AppDelegate.swift */ = {isa = PBXFileReference; lastKnownFileType = sourcecode.swift; path = AppDelegate.swift; sourceTree = "<group>"; };
		FAB2866429EA8F0B000FD933 /* SceneDelegate.swift */ = {isa = PBXFileReference; lastKnownFileType = sourcecode.swift; path = SceneDelegate.swift; sourceTree = "<group>"; };
		FAB2866B29EA8F0D000FD933 /* Assets.xcassets */ = {isa = PBXFileReference; lastKnownFileType = folder.assetcatalog; path = Assets.xcassets; sourceTree = "<group>"; };
		FAB2866E29EA8F0D000FD933 /* Base */ = {isa = PBXFileReference; lastKnownFileType = file.storyboard; name = Base; path = Base.lproj/LaunchScreen.storyboard; sourceTree = "<group>"; };
		FAB2867029EA8F0D000FD933 /* Info.plist */ = {isa = PBXFileReference; lastKnownFileType = text.plist.xml; path = Info.plist; sourceTree = "<group>"; };
		FAB2867D29EA9969000FD933 /* MainViewController.swift */ = {isa = PBXFileReference; lastKnownFileType = sourcecode.swift; path = MainViewController.swift; sourceTree = "<group>"; };
		FAB2867F29EA998D000FD933 /* MainTabController.swift */ = {isa = PBXFileReference; lastKnownFileType = sourcecode.swift; path = MainTabController.swift; sourceTree = "<group>"; };
		FAB2868129EA9A5D000FD933 /* AnniversaryViewController.swift */ = {isa = PBXFileReference; lastKnownFileType = sourcecode.swift; path = AnniversaryViewController.swift; sourceTree = "<group>"; };
		FAB2868329EA9A6D000FD933 /* SettingViewController.swift */ = {isa = PBXFileReference; lastKnownFileType = sourcecode.swift; path = SettingViewController.swift; sourceTree = "<group>"; };
		FAB2868629EA9F5A000FD933 /* UIImage+Extension.swift */ = {isa = PBXFileReference; lastKnownFileType = sourcecode.swift; path = "UIImage+Extension.swift"; sourceTree = "<group>"; };
		FAEDB1A629EAB3FE00805959 /* MainView.swift */ = {isa = PBXFileReference; lastKnownFileType = sourcecode.swift; path = MainView.swift; sourceTree = "<group>"; };
		FAEDB1AB29EAD3C400805959 /* Constant.swift */ = {isa = PBXFileReference; lastKnownFileType = sourcecode.swift; path = Constant.swift; sourceTree = "<group>"; };
		FAEDB1B729EADC2C00805959 /* PickTheDayOfOurFirstMeetViewController.swift */ = {isa = PBXFileReference; lastKnownFileType = sourcecode.swift; path = PickTheDayOfOurFirstMeetViewController.swift; sourceTree = "<group>"; };
		FAEDB1B929EADC3900805959 /* PickBirthDayViewController.swift */ = {isa = PBXFileReference; lastKnownFileType = sourcecode.swift; path = PickBirthDayViewController.swift; sourceTree = "<group>"; };
		FAEDB1BB29EADD8400805959 /* IncludeCalenderView.swift */ = {isa = PBXFileReference; lastKnownFileType = sourcecode.swift; path = IncludeCalenderView.swift; sourceTree = "<group>"; };
		FAEDB1C629EB10A900805959 /* UserDefaultsManager.swift */ = {isa = PBXFileReference; lastKnownFileType = sourcecode.swift; path = UserDefaultsManager.swift; sourceTree = "<group>"; };
		FAEDB1C929EB971A00805959 /* DelegateProtocol.swift */ = {isa = PBXFileReference; lastKnownFileType = sourcecode.swift; path = DelegateProtocol.swift; sourceTree = "<group>"; };
		FAEDB1CB29EB9D5500805959 /* MainViewModel.swift */ = {isa = PBXFileReference; lastKnownFileType = sourcecode.swift; path = MainViewModel.swift; sourceTree = "<group>"; };
		FAEDB1CD29EBA94A00805959 /* SettingView.swift */ = {isa = PBXFileReference; lastKnownFileType = sourcecode.swift; path = SettingView.swift; sourceTree = "<group>"; };
		FAEDB1CF29EBC3CF00805959 /* LoveModel.swift */ = {isa = PBXFileReference; lastKnownFileType = sourcecode.swift; path = LoveModel.swift; sourceTree = "<group>"; };
/* End PBXFileReference section */

/* Begin PBXFrameworksBuildPhase section */
		FAB2865C29EA8F0B000FD933 /* Frameworks */ = {
			isa = PBXFrameworksBuildPhase;
			buildActionMask = 2147483647;
			files = (
				FAEDB1AF29EADB3200805959 /* SDWebImage in Frameworks */,
				FAEDB1BF29EADF8100805959 /* FSCalendar in Frameworks */,
				FAEDB1B129EADB3200805959 /* SDWebImageMapKit in Frameworks */,
				FAEDB1AA29EAB50D00805959 /* SnapKit in Frameworks */,
			);
			runOnlyForDeploymentPostprocessing = 0;
		};
/* End PBXFrameworksBuildPhase section */

/* Begin PBXGroup section */
		FAB2865629EA8F0B000FD933 = {
			isa = PBXGroup;
			children = (
				FAB2866129EA8F0B000FD933 /* OurToday */,
				FAB2866029EA8F0B000FD933 /* Products */,
			);
			sourceTree = "<group>";
		};
		FAB2866029EA8F0B000FD933 /* Products */ = {
			isa = PBXGroup;
			children = (
				FAB2865F29EA8F0B000FD933 /* OurToday.app */,
			);
			name = Products;
			sourceTree = "<group>";
		};
		FAB2866129EA8F0B000FD933 /* OurToday */ = {
			isa = PBXGroup;
			children = (
				FAB2867C29EA9953000FD933 /* Model */,
				FAB2867B29EA994C000FD933 /* View */,
				FAB2867A29EA9945000FD933 /* ViewModel */,
				FAB2867629EA991C000FD933 /* Controller */,
				FAEDB1C829EB8EAF00805959 /* Api */,
				FAB2868529EA9F2E000FD933 /* Utils */,
				FAB2866229EA8F0B000FD933 /* AppDelegate.swift */,
				FAB2866429EA8F0B000FD933 /* SceneDelegate.swift */,
				FAB2866B29EA8F0D000FD933 /* Assets.xcassets */,
				FAB2866D29EA8F0D000FD933 /* LaunchScreen.storyboard */,
				FAB2867029EA8F0D000FD933 /* Info.plist */,
			);
			path = OurToday;
			sourceTree = "<group>";
		};
		FAB2867629EA991C000FD933 /* Controller */ = {
			isa = PBXGroup;
			children = (
				FAB2867F29EA998D000FD933 /* MainTabController.swift */,
				FAB2867D29EA9969000FD933 /* MainViewController.swift */,
				FAB2868129EA9A5D000FD933 /* AnniversaryViewController.swift */,
				FAEDB1B729EADC2C00805959 /* PickTheDayOfOurFirstMeetViewController.swift */,
				FAEDB1B929EADC3900805959 /* PickBirthDayViewController.swift */,
				FAB2868329EA9A6D000FD933 /* SettingViewController.swift */,
			);
			path = Controller;
			sourceTree = "<group>";
		};
		FAB2867A29EA9945000FD933 /* ViewModel */ = {
			isa = PBXGroup;
			children = (
				FAEDB1CB29EB9D5500805959 /* MainViewModel.swift */,
			);
			path = ViewModel;
			sourceTree = "<group>";
		};
		FAB2867B29EA994C000FD933 /* View */ = {
			isa = PBXGroup;
			children = (
				FAEDB1A629EAB3FE00805959 /* MainView.swift */,
				FAEDB1BB29EADD8400805959 /* IncludeCalenderView.swift */,
				FAEDB1CD29EBA94A00805959 /* SettingView.swift */,
			);
			path = View;
			sourceTree = "<group>";
		};
		FAB2867C29EA9953000FD933 /* Model */ = {
			isa = PBXGroup;
			children = (
				FAEDB1CF29EBC3CF00805959 /* LoveModel.swift */,
			);
			path = Model;
			sourceTree = "<group>";
		};
		FAB2868529EA9F2E000FD933 /* Utils */ = {
			isa = PBXGroup;
			children = (
				FAB2868629EA9F5A000FD933 /* UIImage+Extension.swift */,
				FAEDB1AB29EAD3C400805959 /* Constant.swift */,
			);
			path = Utils;
			sourceTree = "<group>";
		};
		FAEDB1C829EB8EAF00805959 /* Api */ = {
			isa = PBXGroup;
			children = (
				FAEDB1C929EB971A00805959 /* DelegateProtocol.swift */,
				FAEDB1C629EB10A900805959 /* UserDefaultsManager.swift */,
			);
			path = Api;
			sourceTree = "<group>";
		};
/* End PBXGroup section */

/* Begin PBXNativeTarget section */
		FAB2865E29EA8F0B000FD933 /* OurToday */ = {
			isa = PBXNativeTarget;
			buildConfigurationList = FAB2867329EA8F0D000FD933 /* Build configuration list for PBXNativeTarget "OurToday" */;
			buildPhases = (
				FAB2865B29EA8F0B000FD933 /* Sources */,
				FAB2865C29EA8F0B000FD933 /* Frameworks */,
				FAB2865D29EA8F0B000FD933 /* Resources */,
			);
			buildRules = (
			);
			dependencies = (
			);
			name = OurToday;
			packageProductDependencies = (
				FAEDB1A929EAB50D00805959 /* SnapKit */,
				FAEDB1AE29EADB3200805959 /* SDWebImage */,
				FAEDB1B029EADB3200805959 /* SDWebImageMapKit */,
				FAEDB1BE29EADF8100805959 /* FSCalendar */,
			);
			productName = OurToday;
			productReference = FAB2865F29EA8F0B000FD933 /* OurToday.app */;
			productType = "com.apple.product-type.application";
		};
/* End PBXNativeTarget section */

/* Begin PBXProject section */
		FAB2865729EA8F0B000FD933 /* Project object */ = {
			isa = PBXProject;
			attributes = {
				BuildIndependentTargetsInParallel = 1;
				LastSwiftUpdateCheck = 1420;
				LastUpgradeCheck = 1420;
				TargetAttributes = {
					FAB2865E29EA8F0B000FD933 = {
						CreatedOnToolsVersion = 14.2;
					};
				};
			};
			buildConfigurationList = FAB2865A29EA8F0B000FD933 /* Build configuration list for PBXProject "OurToday" */;
			compatibilityVersion = "Xcode 14.0";
			developmentRegion = en;
			hasScannedForEncodings = 0;
			knownRegions = (
				en,
				Base,
			);
			mainGroup = FAB2865629EA8F0B000FD933;
			packageReferences = (
				FAEDB1A829EAB50D00805959 /* XCRemoteSwiftPackageReference "SnapKit" */,
				FAEDB1AD29EADB3100805959 /* XCRemoteSwiftPackageReference "SDWebImage" */,
				FAEDB1BD29EADF8100805959 /* XCRemoteSwiftPackageReference "FSCalendar" */,
			);
			productRefGroup = FAB2866029EA8F0B000FD933 /* Products */;
			projectDirPath = "";
			projectRoot = "";
			targets = (
				FAB2865E29EA8F0B000FD933 /* OurToday */,
			);
		};
/* End PBXProject section */

/* Begin PBXResourcesBuildPhase section */
		FAB2865D29EA8F0B000FD933 /* Resources */ = {
			isa = PBXResourcesBuildPhase;
			buildActionMask = 2147483647;
			files = (
				FAB2866F29EA8F0D000FD933 /* LaunchScreen.storyboard in Resources */,
				FAB2866C29EA8F0D000FD933 /* Assets.xcassets in Resources */,
			);
			runOnlyForDeploymentPostprocessing = 0;
		};
/* End PBXResourcesBuildPhase section */

/* Begin PBXSourcesBuildPhase section */
		FAB2865B29EA8F0B000FD933 /* Sources */ = {
			isa = PBXSourcesBuildPhase;
			buildActionMask = 2147483647;
			files = (
				FAB2867E29EA9969000FD933 /* MainViewController.swift in Sources */,
				FAEDB1CA29EB971A00805959 /* DelegateProtocol.swift in Sources */,
				FAEDB1A729EAB3FE00805959 /* MainView.swift in Sources */,
				FAEDB1CE29EBA94A00805959 /* SettingView.swift in Sources */,
				FAEDB1BA29EADC3900805959 /* PickBirthDayViewController.swift in Sources */,
				FAEDB1AC29EAD3C400805959 /* Constant.swift in Sources */,
				FAB2868729EA9F5A000FD933 /* UIImage+Extension.swift in Sources */,
				FAB2866329EA8F0B000FD933 /* AppDelegate.swift in Sources */,
				FAEDB1D029EBC3D000805959 /* LoveModel.swift in Sources */,
				FAEDB1CC29EB9D5500805959 /* MainViewModel.swift in Sources */,
				FAB2868029EA998D000FD933 /* MainTabController.swift in Sources */,
				FAB2866529EA8F0B000FD933 /* SceneDelegate.swift in Sources */,
				FAEDB1C729EB10A900805959 /* UserDefaultsManager.swift in Sources */,
				FAB2868229EA9A5D000FD933 /* AnniversaryViewController.swift in Sources */,
				FAEDB1BC29EADD8500805959 /* IncludeCalenderView.swift in Sources */,
				FAEDB1B829EADC2C00805959 /* PickTheDayOfOurFirstMeetViewController.swift in Sources */,
				FAB2868429EA9A6D000FD933 /* SettingViewController.swift in Sources */,
			);
			runOnlyForDeploymentPostprocessing = 0;
		};
/* End PBXSourcesBuildPhase section */

/* Begin PBXVariantGroup section */
		FAB2866D29EA8F0D000FD933 /* LaunchScreen.storyboard */ = {
			isa = PBXVariantGroup;
			children = (
				FAB2866E29EA8F0D000FD933 /* Base */,
			);
			name = LaunchScreen.storyboard;
			sourceTree = "<group>";
		};
/* End PBXVariantGroup section */

/* Begin XCBuildConfiguration section */
		FAB2867129EA8F0D000FD933 /* Debug */ = {
			isa = XCBuildConfiguration;
			buildSettings = {
				ALWAYS_SEARCH_USER_PATHS = NO;
				CLANG_ANALYZER_NONNULL = YES;
				CLANG_ANALYZER_NUMBER_OBJECT_CONVERSION = YES_AGGRESSIVE;
				CLANG_CXX_LANGUAGE_STANDARD = "gnu++20";
				CLANG_ENABLE_MODULES = YES;
				CLANG_ENABLE_OBJC_ARC = YES;
				CLANG_ENABLE_OBJC_WEAK = YES;
				CLANG_WARN_BLOCK_CAPTURE_AUTORELEASING = YES;
				CLANG_WARN_BOOL_CONVERSION = YES;
				CLANG_WARN_COMMA = YES;
				CLANG_WARN_CONSTANT_CONVERSION = YES;
				CLANG_WARN_DEPRECATED_OBJC_IMPLEMENTATIONS = YES;
				CLANG_WARN_DIRECT_OBJC_ISA_USAGE = YES_ERROR;
				CLANG_WARN_DOCUMENTATION_COMMENTS = YES;
				CLANG_WARN_EMPTY_BODY = YES;
				CLANG_WARN_ENUM_CONVERSION = YES;
				CLANG_WARN_INFINITE_RECURSION = YES;
				CLANG_WARN_INT_CONVERSION = YES;
				CLANG_WARN_NON_LITERAL_NULL_CONVERSION = YES;
				CLANG_WARN_OBJC_IMPLICIT_RETAIN_SELF = YES;
				CLANG_WARN_OBJC_LITERAL_CONVERSION = YES;
				CLANG_WARN_OBJC_ROOT_CLASS = YES_ERROR;
				CLANG_WARN_QUOTED_INCLUDE_IN_FRAMEWORK_HEADER = YES;
				CLANG_WARN_RANGE_LOOP_ANALYSIS = YES;
				CLANG_WARN_STRICT_PROTOTYPES = YES;
				CLANG_WARN_SUSPICIOUS_MOVE = YES;
				CLANG_WARN_UNGUARDED_AVAILABILITY = YES_AGGRESSIVE;
				CLANG_WARN_UNREACHABLE_CODE = YES;
				CLANG_WARN__DUPLICATE_METHOD_MATCH = YES;
				COPY_PHASE_STRIP = NO;
				DEBUG_INFORMATION_FORMAT = dwarf;
				ENABLE_STRICT_OBJC_MSGSEND = YES;
				ENABLE_TESTABILITY = YES;
				GCC_C_LANGUAGE_STANDARD = gnu11;
				GCC_DYNAMIC_NO_PIC = NO;
				GCC_NO_COMMON_BLOCKS = YES;
				GCC_OPTIMIZATION_LEVEL = 0;
				GCC_PREPROCESSOR_DEFINITIONS = (
					"DEBUG=1",
					"$(inherited)",
				);
				GCC_WARN_64_TO_32_BIT_CONVERSION = YES;
				GCC_WARN_ABOUT_RETURN_TYPE = YES_ERROR;
				GCC_WARN_UNDECLARED_SELECTOR = YES;
				GCC_WARN_UNINITIALIZED_AUTOS = YES_AGGRESSIVE;
				GCC_WARN_UNUSED_FUNCTION = YES;
				GCC_WARN_UNUSED_VARIABLE = YES;
				IPHONEOS_DEPLOYMENT_TARGET = 16.2;
				MTL_ENABLE_DEBUG_INFO = INCLUDE_SOURCE;
				MTL_FAST_MATH = YES;
				ONLY_ACTIVE_ARCH = YES;
				SDKROOT = iphoneos;
				SWIFT_ACTIVE_COMPILATION_CONDITIONS = DEBUG;
				SWIFT_OPTIMIZATION_LEVEL = "-Onone";
			};
			name = Debug;
		};
		FAB2867229EA8F0D000FD933 /* Release */ = {
			isa = XCBuildConfiguration;
			buildSettings = {
				ALWAYS_SEARCH_USER_PATHS = NO;
				CLANG_ANALYZER_NONNULL = YES;
				CLANG_ANALYZER_NUMBER_OBJECT_CONVERSION = YES_AGGRESSIVE;
				CLANG_CXX_LANGUAGE_STANDARD = "gnu++20";
				CLANG_ENABLE_MODULES = YES;
				CLANG_ENABLE_OBJC_ARC = YES;
				CLANG_ENABLE_OBJC_WEAK = YES;
				CLANG_WARN_BLOCK_CAPTURE_AUTORELEASING = YES;
				CLANG_WARN_BOOL_CONVERSION = YES;
				CLANG_WARN_COMMA = YES;
				CLANG_WARN_CONSTANT_CONVERSION = YES;
				CLANG_WARN_DEPRECATED_OBJC_IMPLEMENTATIONS = YES;
				CLANG_WARN_DIRECT_OBJC_ISA_USAGE = YES_ERROR;
				CLANG_WARN_DOCUMENTATION_COMMENTS = YES;
				CLANG_WARN_EMPTY_BODY = YES;
				CLANG_WARN_ENUM_CONVERSION = YES;
				CLANG_WARN_INFINITE_RECURSION = YES;
				CLANG_WARN_INT_CONVERSION = YES;
				CLANG_WARN_NON_LITERAL_NULL_CONVERSION = YES;
				CLANG_WARN_OBJC_IMPLICIT_RETAIN_SELF = YES;
				CLANG_WARN_OBJC_LITERAL_CONVERSION = YES;
				CLANG_WARN_OBJC_ROOT_CLASS = YES_ERROR;
				CLANG_WARN_QUOTED_INCLUDE_IN_FRAMEWORK_HEADER = YES;
				CLANG_WARN_RANGE_LOOP_ANALYSIS = YES;
				CLANG_WARN_STRICT_PROTOTYPES = YES;
				CLANG_WARN_SUSPICIOUS_MOVE = YES;
				CLANG_WARN_UNGUARDED_AVAILABILITY = YES_AGGRESSIVE;
				CLANG_WARN_UNREACHABLE_CODE = YES;
				CLANG_WARN__DUPLICATE_METHOD_MATCH = YES;
				COPY_PHASE_STRIP = NO;
				DEBUG_INFORMATION_FORMAT = "dwarf-with-dsym";
				ENABLE_NS_ASSERTIONS = NO;
				ENABLE_STRICT_OBJC_MSGSEND = YES;
				GCC_C_LANGUAGE_STANDARD = gnu11;
				GCC_NO_COMMON_BLOCKS = YES;
				GCC_WARN_64_TO_32_BIT_CONVERSION = YES;
				GCC_WARN_ABOUT_RETURN_TYPE = YES_ERROR;
				GCC_WARN_UNDECLARED_SELECTOR = YES;
				GCC_WARN_UNINITIALIZED_AUTOS = YES_AGGRESSIVE;
				GCC_WARN_UNUSED_FUNCTION = YES;
				GCC_WARN_UNUSED_VARIABLE = YES;
				IPHONEOS_DEPLOYMENT_TARGET = 16.2;
				MTL_ENABLE_DEBUG_INFO = NO;
				MTL_FAST_MATH = YES;
				SDKROOT = iphoneos;
				SWIFT_COMPILATION_MODE = wholemodule;
				SWIFT_OPTIMIZATION_LEVEL = "-O";
				VALIDATE_PRODUCT = YES;
			};
			name = Release;
		};
		FAB2867429EA8F0D000FD933 /* Debug */ = {
			isa = XCBuildConfiguration;
			buildSettings = {
				ASSETCATALOG_COMPILER_APPICON_NAME = AppIcon;
				ASSETCATALOG_COMPILER_GLOBAL_ACCENT_COLOR_NAME = AccentColor;
				CODE_SIGN_STYLE = Automatic;
				CURRENT_PROJECT_VERSION = 1;
				DEVELOPMENT_TEAM = G3X4LNN773;
				GENERATE_INFOPLIST_FILE = YES;
				INFOPLIST_FILE = OurToday/Info.plist;
				INFOPLIST_KEY_UIApplicationSupportsIndirectInputEvents = YES;
				INFOPLIST_KEY_UILaunchStoryboardName = LaunchScreen;
				INFOPLIST_KEY_UISupportedInterfaceOrientations_iPad = "UIInterfaceOrientationPortrait UIInterfaceOrientationPortraitUpsideDown UIInterfaceOrientationLandscapeLeft UIInterfaceOrientationLandscapeRight";
				INFOPLIST_KEY_UISupportedInterfaceOrientations_iPhone = "UIInterfaceOrientationPortrait UIInterfaceOrientationLandscapeLeft UIInterfaceOrientationLandscapeRight";
				IPHONEOS_DEPLOYMENT_TARGET = 14.0;
				LD_RUNPATH_SEARCH_PATHS = (
					"$(inherited)",
					"@executable_path/Frameworks",
				);
				MARKETING_VERSION = 1.0;
				PRODUCT_BUNDLE_IDENTIFIER = com.clamp.OurToday;
				PRODUCT_NAME = "$(TARGET_NAME)";
				SWIFT_EMIT_LOC_STRINGS = YES;
				SWIFT_VERSION = 5.0;
				TARGETED_DEVICE_FAMILY = "1,2";
			};
			name = Debug;
		};
		FAB2867529EA8F0D000FD933 /* Release */ = {
			isa = XCBuildConfiguration;
			buildSettings = {
				ASSETCATALOG_COMPILER_APPICON_NAME = AppIcon;
				ASSETCATALOG_COMPILER_GLOBAL_ACCENT_COLOR_NAME = AccentColor;
				CODE_SIGN_STYLE = Automatic;
				CURRENT_PROJECT_VERSION = 1;
				DEVELOPMENT_TEAM = G3X4LNN773;
				GENERATE_INFOPLIST_FILE = YES;
				INFOPLIST_FILE = OurToday/Info.plist;
				INFOPLIST_KEY_UIApplicationSupportsIndirectInputEvents = YES;
				INFOPLIST_KEY_UILaunchStoryboardName = LaunchScreen;
				INFOPLIST_KEY_UISupportedInterfaceOrientations_iPad = "UIInterfaceOrientationPortrait UIInterfaceOrientationPortraitUpsideDown UIInterfaceOrientationLandscapeLeft UIInterfaceOrientationLandscapeRight";
				INFOPLIST_KEY_UISupportedInterfaceOrientations_iPhone = "UIInterfaceOrientationPortrait UIInterfaceOrientationLandscapeLeft UIInterfaceOrientationLandscapeRight";
				IPHONEOS_DEPLOYMENT_TARGET = 14.0;
				LD_RUNPATH_SEARCH_PATHS = (
					"$(inherited)",
					"@executable_path/Frameworks",
				);
				MARKETING_VERSION = 1.0;
				PRODUCT_BUNDLE_IDENTIFIER = com.clamp.OurToday;
				PRODUCT_NAME = "$(TARGET_NAME)";
				SWIFT_EMIT_LOC_STRINGS = YES;
				SWIFT_VERSION = 5.0;
				TARGETED_DEVICE_FAMILY = "1,2";
			};
			name = Release;
		};
/* End XCBuildConfiguration section */

/* Begin XCConfigurationList section */
		FAB2865A29EA8F0B000FD933 /* Build configuration list for PBXProject "OurToday" */ = {
			isa = XCConfigurationList;
			buildConfigurations = (
				FAB2867129EA8F0D000FD933 /* Debug */,
				FAB2867229EA8F0D000FD933 /* Release */,
			);
			defaultConfigurationIsVisible = 0;
			defaultConfigurationName = Release;
		};
		FAB2867329EA8F0D000FD933 /* Build configuration list for PBXNativeTarget "OurToday" */ = {
			isa = XCConfigurationList;
			buildConfigurations = (
				FAB2867429EA8F0D000FD933 /* Debug */,
				FAB2867529EA8F0D000FD933 /* Release */,
			);
			defaultConfigurationIsVisible = 0;
			defaultConfigurationName = Release;
		};
/* End XCConfigurationList section */

/* Begin XCRemoteSwiftPackageReference section */
		FAEDB1A829EAB50D00805959 /* XCRemoteSwiftPackageReference "SnapKit" */ = {
			isa = XCRemoteSwiftPackageReference;
			repositoryURL = "https://github.com/SnapKit/SnapKit";
			requirement = {
				kind = upToNextMajorVersion;
				minimumVersion = 5.0.0;
			};
		};
		FAEDB1AD29EADB3100805959 /* XCRemoteSwiftPackageReference "SDWebImage" */ = {
			isa = XCRemoteSwiftPackageReference;
			repositoryURL = "https://github.com/SDWebImage/SDWebImage";
			requirement = {
				kind = upToNextMajorVersion;
				minimumVersion = 5.0.0;
			};
		};
		FAEDB1BD29EADF8100805959 /* XCRemoteSwiftPackageReference "FSCalendar" */ = {
			isa = XCRemoteSwiftPackageReference;
			repositoryURL = "https://github.com/WenchaoD/FSCalendar";
			requirement = {
				kind = upToNextMajorVersion;
				minimumVersion = 2.0.0;
			};
		};
/* End XCRemoteSwiftPackageReference section */

/* Begin XCSwiftPackageProductDependency section */
		FAEDB1A929EAB50D00805959 /* SnapKit */ = {
			isa = XCSwiftPackageProductDependency;
			package = FAEDB1A829EAB50D00805959 /* XCRemoteSwiftPackageReference "SnapKit" */;
			productName = SnapKit;
		};
		FAEDB1AE29EADB3200805959 /* SDWebImage */ = {
			isa = XCSwiftPackageProductDependency;
			package = FAEDB1AD29EADB3100805959 /* XCRemoteSwiftPackageReference "SDWebImage" */;
			productName = SDWebImage;
		};
		FAEDB1B029EADB3200805959 /* SDWebImageMapKit */ = {
			isa = XCSwiftPackageProductDependency;
			package = FAEDB1AD29EADB3100805959 /* XCRemoteSwiftPackageReference "SDWebImage" */;
			productName = SDWebImageMapKit;
		};
		FAEDB1BE29EADF8100805959 /* FSCalendar */ = {
			isa = XCSwiftPackageProductDependency;
			package = FAEDB1BD29EADF8100805959 /* XCRemoteSwiftPackageReference "FSCalendar" */;
			productName = FSCalendar;
		};
/* End XCSwiftPackageProductDependency section */
	};
	rootObject = FAB2865729EA8F0B000FD933 /* Project object */;
}
